
Microsoft Visual Studio Solution File, Format Version 11.00
# Visual Studio 2010
Project("{FAE04EC0-301F-11D3-BF4B-00C04F79EFBC}") = "leap_motion", "Assembly-CSharp.csproj", "{C5E64750-B604-93ED-B901-41C2AFE16D3C}"
EndProject
Project("{FAE04EC0-301F-11D3-BF4B-00C04F79EFBC}") = "leap_motion", "Assembly-CSharp-Editor.csproj", "{EE51D20B-B5A3-FC80-D06F-78994BC9E860}"
EndProject
Global
	GlobalSection(SolutionConfigurationPlatforms) = preSolution
		Debug|Any CPU = Debug|Any CPU
		Release|Any CPU = Release|Any CPU
	EndGlobalSection
	GlobalSection(ProjectConfigurationPlatforms) = postSolution
		{C5E64750-B604-93ED-B901-41C2AFE16D3C}.Debug|Any CPU.ActiveCfg = Debug|Any CPU
		{C5E64750-B604-93ED-B901-41C2AFE16D3C}.Debug|Any CPU.Build.0 = Debug|Any CPU
		{C5E64750-B604-93ED-B901-41C2AFE16D3C}.Release|Any CPU.ActiveCfg = Release|Any CPU
		{C5E64750-B604-93ED-B901-41C2AFE16D3C}.Release|Any CPU.Build.0 = Release|Any CPU
		{EE51D20B-B5A3-FC80-D06F-78994BC9E860}.Debug|Any CPU.ActiveCfg = Debug|Any CPU
		{EE51D20B-B5A3-FC80-D06F-78994BC9E860}.Debug|Any CPU.Build.0 = Debug|Any CPU
		{EE51D20B-B5A3-FC80-D06F-78994BC9E860}.Release|Any CPU.ActiveCfg = Release|Any CPU
		{EE51D20B-B5A3-FC80-D06F-78994BC9E860}.Release|Any CPU.Build.0 = Release|Any CPU
	EndGlobalSection
	GlobalSection(SolutionProperties) = preSolution
		HideSolutionNode = FALSE
	EndGlobalSection
	GlobalSection(MonoDevelopProperties) = preSolution
		StartupItem = Assembly-CSharp.csproj
	EndGlobalSection
EndGlobal
